
Microsoft Visual Studio Solution File, Format Version 12.00
# Visual Studio Version 16
VisualStudioVersion = 16.0.29709.97
MinimumVisualStudioVersion = 10.0.40219.1
Project("{FAE04EC0-301F-11D3-BF4B-00C04F79EFBC}") = "ASCII_Game", "ASCII_Game\ASCII_Game.csproj", "{C229EEE8-ABD8-4D46-B4F4-EAD7CE568EB7}"
EndProject
Global
	GlobalSection(SolutionConfigurationPlatforms) = preSolution
		Debug|Any CPU = Debug|Any CPU
		Release|Any CPU = Release|Any CPU
	EndGlobalSection
	GlobalSection(ProjectConfigurationPlatforms) = postSolution
		{C229EEE8-ABD8-4D46-B4F4-EAD7CE568EB7}.Debug|Any CPU.ActiveCfg = Debug|Any CPU
		{C229EEE8-ABD8-4D46-B4F4-EAD7CE568EB7}.Debug|Any CPU.Build.0 = Debug|Any CPU
		{C229EEE8-ABD8-4D46-B4F4-EAD7CE568EB7}.Release|Any CPU.ActiveCfg = Release|Any CPU
		{C229EEE8-ABD8-4D46-B4F4-EAD7CE568EB7}.Release|Any CPU.Build.0 = Release|Any CPU
	EndGlobalSection
	GlobalSection(SolutionProperties) = preSolution
		HideSolutionNode = FALSE
	EndGlobalSection
	GlobalSection(ExtensibilityGlobals) = postSolution
		SolutionGuid = {8555A441-31B6-442A-8EC3-3DF9F8D68545}
	EndGlobalSection
EndGlobal
